{
  "name": "track_html",
  "version": "1.0.0",
  "lockfileVersion": 1,
  "requires": true,
  "dependencies": {
    "h5.buffers": {
      "version": "0.1.1",
      "resolved": "https://registry.npm.taobao.org/h5.buffers/download/h5.buffers-0.1.1.tgz",
      "integrity": "sha1-JEh3MFMOSwDkm1rxcEldrPpAEb4="
    },
    "h5.modbus": {
      "version": "github:morkai/h5.modbus#ce4d3300c49beaacc1055c7e5c68c2447bc75448",
      "from": "github:morkai/h5.modbus#master",
      "requires": {
        "h5.buffers": "0.x.x"
      }
    }
  }
}
